
Microsoft Visual Studio Solution File, Format Version 12.00
# Visual Studio Version 17
VisualStudioVersion = 17.3.32929.385
MinimumVisualStudioVersion = 10.0.40219.1
Project("{888888A0-9F3D-457C-B088-3A5042F75D52}") = "MDL", "MDL.pyproj", "{2880FE64-D03F-4CE2-8F47-6E1AC34B0B6B}"
EndProject
Global
	GlobalSection(SolutionConfigurationPlatforms) = preSolution
		Debug|Any CPU = Debug|Any CPU
		Release|Any CPU = Release|Any CPU
	EndGlobalSection
	GlobalSection(ProjectConfigurationPlatforms) = postSolution
		{2880FE64-D03F-4CE2-8F47-6E1AC34B0B6B}.Debug|Any CPU.ActiveCfg = Debug|Any CPU
		{2880FE64-D03F-4CE2-8F47-6E1AC34B0B6B}.Release|Any CPU.ActiveCfg = Release|Any CPU
	EndGlobalSection
	GlobalSection(SolutionProperties) = preSolution
		HideSolutionNode = FALSE
	EndGlobalSection
	GlobalSection(ExtensibilityGlobals) = postSolution
		SolutionGuid = {C19C06AD-6C71-47C7-84B7-7A91B87C812F}
	EndGlobalSection
EndGlobal
